// !$*UTF8*$!
{
	archiveVersion = 1;
	classes = {
	};
	objectVersion = 55;
	objects = {

/* Begin PBXBuildFile section */
		17BB496F27743368005250F4 /* PIGGY_App.swift in Sources */ = {isa = PBXBuildFile; fileRef = 17BB496E27743368005250F4 /* PIGGY_App.swift */; };
		17BB497127743368005250F4 /* PiggyEmojiGameView.swift in Sources */ = {isa = PBXBuildFile; fileRef = 17BB497027743368005250F4 /* PiggyEmojiGameView.swift */; };
		17BB497327743369005250F4 /* Assets.xcassets in Resources */ = {isa = PBXBuildFile; fileRef = 17BB497227743369005250F4 /* Assets.xcassets */; };
		17BB497627743369005250F4 /* Preview Assets.xcassets in Resources */ = {isa = PBXBuildFile; fileRef = 17BB497527743369005250F4 /* Preview Assets.xcassets */; };
		17BB49802774336A005250F4 /* PIGGY_Tests.swift in Sources */ = {isa = PBXBuildFile; fileRef = 17BB497F2774336A005250F4 /* PIGGY_Tests.swift */; };
		17BB498A2774336A005250F4 /* PIGGY_UITests.swift in Sources */ = {isa = PBXBuildFile; fileRef = 17BB49892774336A005250F4 /* PIGGY_UITests.swift */; };
		17BB498C2774336A005250F4 /* PIGGY_UITestsLaunchTests.swift in Sources */ = {isa = PBXBuildFile; fileRef = 17BB498B2774336A005250F4 /* PIGGY_UITestsLaunchTests.swift */; };
		17BB499B27744444005250F4 /* CardModel.swift in Sources */ = {isa = PBXBuildFile; fileRef = 17BB499A27744444005250F4 /* CardModel.swift */; };
		17BB499D2774D874005250F4 /* EmojiCardModel.swift in Sources */ = {isa = PBXBuildFile; fileRef = 17BB499C2774D874005250F4 /* EmojiCardModel.swift */; };
/* End PBXBuildFile section */

/* Begin PBXContainerItemProxy section */
		17BB497C2774336A005250F4 /* PBXContainerItemProxy */ = {
			isa = PBXContainerItemProxy;
			containerPortal = 17BB496327743368005250F4 /* Project object */;
			proxyType = 1;
			remoteGlobalIDString = 17BB496A27743368005250F4;
			remoteInfo = "PIGGY!";
		};
		17BB49862774336A005250F4 /* PBXContainerItemProxy */ = {
			isa = PBXContainerItemProxy;
			containerPortal = 17BB496327743368005250F4 /* Project object */;
			proxyType = 1;
			remoteGlobalIDString = 17BB496A27743368005250F4;
			remoteInfo = "PIGGY!";
		};
/* End PBXContainerItemProxy section */

/* Begin PBXFileReference section */
		17BB496B27743368005250F4 /* PIGGY!.app */ = {isa = PBXFileReference; explicitFileType = wrapper.application; includeInIndex = 0; path = "PIGGY!.app"; sourceTree = BUILT_PRODUCTS_DIR; };
		17BB496E27743368005250F4 /* PIGGY_App.swift */ = {isa = PBXFileReference; lastKnownFileType = sourcecode.swift; path = PIGGY_App.swift; sourceTree = "<group>"; };
		17BB497027743368005250F4 /* PiggyEmojiGameView.swift */ = {isa = PBXFileReference; lastKnownFileType = sourcecode.swift; path = PiggyEmojiGameView.swift; sourceTree = "<group>"; };
		17BB497227743369005250F4 /* Assets.xcassets */ = {isa = PBXFileReference; lastKnownFileType = folder.assetcatalog; path = Assets.xcassets; sourceTree = "<group>"; };
		17BB497527743369005250F4 /* Preview Assets.xcassets */ = {isa = PBXFileReference; lastKnownFileType = folder.assetcatalog; path = "Preview Assets.xcassets"; sourceTree = "<group>"; };
		17BB497B2774336A005250F4 /* PIGGY!Tests.xctest */ = {isa = PBXFileReference; explicitFileType = wrapper.cfbundle; includeInIndex = 0; path = "PIGGY!Tests.xctest"; sourceTree = BUILT_PRODUCTS_DIR; };
		17BB497F2774336A005250F4 /* PIGGY_Tests.swift */ = {isa = PBXFileReference; lastKnownFileType = sourcecode.swift; path = PIGGY_Tests.swift; sourceTree = "<group>"; };
		17BB49852774336A005250F4 /* PIGGY!UITests.xctest */ = {isa = PBXFileReference; explicitFileType = wrapper.cfbundle; includeInIndex = 0; path = "PIGGY!UITests.xctest"; sourceTree = BUILT_PRODUCTS_DIR; };
		17BB49892774336A005250F4 /* PIGGY_UITests.swift */ = {isa = PBXFileReference; lastKnownFileType = sourcecode.swift; path = PIGGY_UITests.swift; sourceTree = "<group>"; };
		17BB498B2774336A005250F4 /* PIGGY_UITestsLaunchTests.swift */ = {isa = PBXFileReference; lastKnownFileType = sourcecode.swift; path = PIGGY_UITestsLaunchTests.swift; sourceTree = "<group>"; };
		17BB499A27744444005250F4 /* CardModel.swift */ = {isa = PBXFileReference; lastKnownFileType = sourcecode.swift; path = CardModel.swift; sourceTree = "<group>"; };
		17BB499C2774D874005250F4 /* EmojiCardModel.swift */ = {isa = PBXFileReference; lastKnownFileType = sourcecode.swift; path = EmojiCardModel.swift; sourceTree = "<group>"; };
/* End PBXFileReference section */

/* Begin PBXFrameworksBuildPhase section */
		17BB496827743368005250F4 /* Frameworks */ = {
			isa = PBXFrameworksBuildPhase;
			buildActionMask = 2147483647;
			files = (
			);
			runOnlyForDeploymentPostprocessing = 0;
		};
		17BB49782774336A005250F4 /* Frameworks */ = {
			isa = PBXFrameworksBuildPhase;
			buildActionMask = 2147483647;
			files = (
			);
			runOnlyForDeploymentPostprocessing = 0;
		};
		17BB49822774336A005250F4 /* Frameworks */ = {
			isa = PBXFrameworksBuildPhase;
			buildActionMask = 2147483647;
			files = (
			);
			runOnlyForDeploymentPostprocessing = 0;
		};
/* End PBXFrameworksBuildPhase section */

/* Begin PBXGroup section */
		17BB496227743368005250F4 = {
			isa = PBXGroup;
			children = (
				17BB496D27743368005250F4 /* PIGGY! */,
				17BB497E2774336A005250F4 /* PIGGY!Tests */,
				17BB49882774336A005250F4 /* PIGGY!UITests */,
				17BB496C27743368005250F4 /* Products */,
			);
			sourceTree = "<group>";
		};
		17BB496C27743368005250F4 /* Products */ = {
			isa = PBXGroup;
			children = (
				17BB496B27743368005250F4 /* PIGGY!.app */,
				17BB497B2774336A005250F4 /* PIGGY!Tests.xctest */,
				17BB49852774336A005250F4 /* PIGGY!UITests.xctest */,
			);
			name = Products;
			sourceTree = "<group>";
		};
		17BB496D27743368005250F4 /* PIGGY! */ = {
			isa = PBXGroup;
			children = (
				17BB496E27743368005250F4 /* PIGGY_App.swift */,
				17BB497027743368005250F4 /* PiggyEmojiGameView.swift */,
				17BB499A27744444005250F4 /* CardModel.swift */,
				17BB499C2774D874005250F4 /* EmojiCardModel.swift */,
				17BB497227743369005250F4 /* Assets.xcassets */,
				17BB497427743369005250F4 /* Preview Content */,
			);
			path = "PIGGY!";
			sourceTree = "<group>";
		};
		17BB497427743369005250F4 /* Preview Content */ = {
			isa = PBXGroup;
			children = (
				17BB497527743369005250F4 /* Preview Assets.xcassets */,
			);
			path = "Preview Content";
			sourceTree = "<group>";
		};
		17BB497E2774336A005250F4 /* PIGGY!Tests */ = {
			isa = PBXGroup;
			children = (
				17BB497F2774336A005250F4 /* PIGGY_Tests.swift */,
			);
			path = "PIGGY!Tests";
			sourceTree = "<group>";
		};
		17BB49882774336A005250F4 /* PIGGY!UITests */ = {
			isa = PBXGroup;
			children = (
				17BB49892774336A005250F4 /* PIGGY_UITests.swift */,
				17BB498B2774336A005250F4 /* PIGGY_UITestsLaunchTests.swift */,
			);
			path = "PIGGY!UITests";
			sourceTree = "<group>";
		};
/* End PBXGroup section */

/* Begin PBXNativeTarget section */
		17BB496A27743368005250F4 /* PIGGY! */ = {
			isa = PBXNativeTarget;
			buildConfigurationList = 17BB498F2774336A005250F4 /* Build configuration list for PBXNativeTarget "PIGGY!" */;
			buildPhases = (
				17BB496727743368005250F4 /* Sources */,
				17BB496827743368005250F4 /* Frameworks */,
				17BB496927743368005250F4 /* Resources */,
			);
			buildRules = (
			);
			dependencies = (
			);
			name = "PIGGY!";
			productName = "PIGGY!";
			productReference = 17BB496B27743368005250F4 /* PIGGY!.app */;
			productType = "com.apple.product-type.application";
		};
		17BB497A2774336A005250F4 /* PIGGY!Tests */ = {
			isa = PBXNativeTarget;
			buildConfigurationList = 17BB49922774336A005250F4 /* Build configuration list for PBXNativeTarget "PIGGY!Tests" */;
			buildPhases = (
				17BB49772774336A005250F4 /* Sources */,
				17BB49782774336A005250F4 /* Frameworks */,
				17BB49792774336A005250F4 /* Resources */,
			);
			buildRules = (
			);
			dependencies = (
				17BB497D2774336A005250F4 /* PBXTargetDependency */,
			);
			name = "PIGGY!Tests";
			productName = "PIGGY!Tests";
			productReference = 17BB497B2774336A005250F4 /* PIGGY!Tests.xctest */;
			productType = "com.apple.product-type.bundle.unit-test";
		};
		17BB49842774336A005250F4 /* PIGGY!UITests */ = {
			isa = PBXNativeTarget;
			buildConfigurationList = 17BB49952774336A005250F4 /* Build configuration list for PBXNativeTarget "PIGGY!UITests" */;
			buildPhases = (
				17BB49812774336A005250F4 /* Sources */,
				17BB49822774336A005250F4 /* Frameworks */,
				17BB49832774336A005250F4 /* Resources */,
			);
			buildRules = (
			);
			dependencies = (
				17BB49872774336A005250F4 /* PBXTargetDependency */,
			);
			name = "PIGGY!UITests";
			productName = "PIGGY!UITests";
			productReference = 17BB49852774336A005250F4 /* PIGGY!UITests.xctest */;
			productType = "com.apple.product-type.bundle.ui-testing";
		};
/* End PBXNativeTarget section */

/* Begin PBXProject section */
		17BB496327743368005250F4 /* Project object */ = {
			isa = PBXProject;
			attributes = {
				BuildIndependentTargetsInParallel = 1;
				LastSwiftUpdateCheck = 1320;
				LastUpgradeCheck = 1320;
				TargetAttributes = {
					17BB496A27743368005250F4 = {
						CreatedOnToolsVersion = 13.2.1;
					};
					17BB497A2774336A005250F4 = {
						CreatedOnToolsVersion = 13.2.1;
						TestTargetID = 17BB496A27743368005250F4;
					};
					17BB49842774336A005250F4 = {
						CreatedOnToolsVersion = 13.2.1;
						TestTargetID = 17BB496A27743368005250F4;
					};
				};
			};
			buildConfigurationList = 17BB496627743368005250F4 /* Build configuration list for PBXProject "PIGGY!" */;
			compatibilityVersion = "Xcode 13.0";
			developmentRegion = en;
			hasScannedForEncodings = 0;
			knownRegions = (
				en,
				Base,
			);
			mainGroup = 17BB496227743368005250F4;
			productRefGroup = 17BB496C27743368005250F4 /* Products */;
			projectDirPath = "";
			projectRoot = "";
			targets = (
				17BB496A27743368005250F4 /* PIGGY! */,
				17BB497A2774336A005250F4 /* PIGGY!Tests */,
				17BB49842774336A005250F4 /* PIGGY!UITests */,
			);
		};
/* End PBXProject section */

/* Begin PBXResourcesBuildPhase section */
		17BB496927743368005250F4 /* Resources */ = {
			isa = PBXResourcesBuildPhase;
			buildActionMask = 2147483647;
			files = (
				17BB497627743369005250F4 /* Preview Assets.xcassets in Resources */,
				17BB497327743369005250F4 /* Assets.xcassets in Resources */,
			);
			runOnlyForDeploymentPostprocessing = 0;
		};
		17BB49792774336A005250F4 /* Resources */ = {
			isa = PBXResourcesBuildPhase;
			buildActionMask = 2147483647;
			files = (
			);
			runOnlyForDeploymentPostprocessing = 0;
		};
		17BB49832774336A005250F4 /* Resources */ = {
			isa = PBXResourcesBuildPhase;
			buildActionMask = 2147483647;
			files = (
			);
			runOnlyForDeploymentPostprocessing = 0;
		};
/* End PBXResourcesBuildPhase section */

/* Begin PBXSourcesBuildPhase section */
		17BB496727743368005250F4 /* Sources */ = {
			isa = PBXSourcesBuildPhase;
			buildActionMask = 2147483647;
			files = (
				17BB497127743368005250F4 /* PiggyEmojiGameView.swift in Sources */,
				17BB499B27744444005250F4 /* CardModel.swift in Sources */,
				17BB499D2774D874005250F4 /* EmojiCardModel.swift in Sources */,
				17BB496F27743368005250F4 /* PIGGY_App.swift in Sources */,
			);
			runOnlyForDeploymentPostprocessing = 0;
		};
		17BB49772774336A005250F4 /* Sources */ = {
			isa = PBXSourcesBuildPhase;
			buildActionMask = 2147483647;
			files = (
				17BB49802774336A005250F4 /* PIGGY_Tests.swift in Sources */,
			);
			runOnlyForDeploymentPostprocessing = 0;
		};
		17BB49812774336A005250F4 /* Sources */ = {
			isa = PBXSourcesBuildPhase;
			buildActionMask = 2147483647;
			files = (
				17BB498A2774336A005250F4 /* PIGGY_UITests.swift in Sources */,
				17BB498C2774336A005250F4 /* PIGGY_UITestsLaunchTests.swift in Sources */,
			);
			runOnlyForDeploymentPostprocessing = 0;
		};
/* End PBXSourcesBuildPhase section */

/* Begin PBXTargetDependency section */
		17BB497D2774336A005250F4 /* PBXTargetDependency */ = {
			isa = PBXTargetDependency;
			target = 17BB496A27743368005250F4 /* PIGGY! */;
			targetProxy = 17BB497C2774336A005250F4 /* PBXContainerItemProxy */;
		};
		17BB49872774336A005250F4 /* PBXTargetDependency */ = {
			isa = PBXTargetDependency;
			target = 17BB496A27743368005250F4 /* PIGGY! */;
			targetProxy = 17BB49862774336A005250F4 /* PBXContainerItemProxy */;
		};
/* End PBXTargetDependency section */

/* Begin XCBuildConfiguration section */
		17BB498D2774336A005250F4 /* Debug */ = {
			isa = XCBuildConfiguration;
			buildSettings = {
				ALWAYS_SEARCH_USER_PATHS = NO;
				CLANG_ANALYZER_NONNULL = YES;
				CLANG_ANALYZER_NUMBER_OBJECT_CONVERSION = YES_AGGRESSIVE;
				CLANG_CXX_LANGUAGE_STANDARD = "gnu++17";
				CLANG_CXX_LIBRARY = "libc++";
				CLANG_ENABLE_MODULES = YES;
				CLANG_ENABLE_OBJC_ARC = YES;
				CLANG_ENABLE_OBJC_WEAK = YES;
				CLANG_WARN_BLOCK_CAPTURE_AUTORELEASING = YES;
				CLANG_WARN_BOOL_CONVERSION = YES;
				CLANG_WARN_COMMA = YES;
				CLANG_WARN_CONSTANT_CONVERSION = YES;
				CLANG_WARN_DEPRECATED_OBJC_IMPLEMENTATIONS = YES;
				CLANG_WARN_DIRECT_OBJC_ISA_USAGE = YES_ERROR;
				CLANG_WARN_DOCUMENTATION_COMMENTS = YES;
				CLANG_WARN_EMPTY_BODY = YES;
				CLANG_WARN_ENUM_CONVERSION = YES;
				CLANG_WARN_INFINITE_RECURSION = YES;
				CLANG_WARN_INT_CONVERSION = YES;
				CLANG_WARN_NON_LITERAL_NULL_CONVERSION = YES;
				CLANG_WARN_OBJC_IMPLICIT_RETAIN_SELF = YES;
				CLANG_WARN_OBJC_LITERAL_CONVERSION = YES;
				CLANG_WARN_OBJC_ROOT_CLASS = YES_ERROR;
				CLANG_WARN_QUOTED_INCLUDE_IN_FRAMEWORK_HEADER = YES;
				CLANG_WARN_RANGE_LOOP_ANALYSIS = YES;
				CLANG_WARN_STRICT_PROTOTYPES = YES;
				CLANG_WARN_SUSPICIOUS_MOVE = YES;
				CLANG_WARN_UNGUARDED_AVAILABILITY = YES_AGGRESSIVE;
				CLANG_WARN_UNREACHABLE_CODE = YES;
				CLANG_WARN__DUPLICATE_METHOD_MATCH = YES;
				COPY_PHASE_STRIP = NO;
				DEBUG_INFORMATION_FORMAT = dwarf;
				ENABLE_STRICT_OBJC_MSGSEND = YES;
				ENABLE_TESTABILITY = YES;
				GCC_C_LANGUAGE_STANDARD = gnu11;
				GCC_DYNAMIC_NO_PIC = NO;
				GCC_NO_COMMON_BLOCKS = YES;
				GCC_OPTIMIZATION_LEVEL = 0;
				GCC_PREPROCESSOR_DEFINITIONS = (
					"DEBUG=1",
					"$(inherited)",
				);
				GCC_WARN_64_TO_32_BIT_CONVERSION = YES;
				GCC_WARN_ABOUT_RETURN_TYPE = YES_ERROR;
				GCC_WARN_UNDECLARED_SELECTOR = YES;
				GCC_WARN_UNINITIALIZED_AUTOS = YES_AGGRESSIVE;
				GCC_WARN_UNUSED_FUNCTION = YES;
				GCC_WARN_UNUSED_VARIABLE = YES;
				IPHONEOS_DEPLOYMENT_TARGET = 15.2;
				MTL_ENABLE_DEBUG_INFO = INCLUDE_SOURCE;
				MTL_FAST_MATH = YES;
				ONLY_ACTIVE_ARCH = YES;
				SDKROOT = iphoneos;
				SWIFT_ACTIVE_COMPILATION_CONDITIONS = DEBUG;
				SWIFT_OPTIMIZATION_LEVEL = "-Onone";
			};
			name = Debug;
		};
		17BB498E2774336A005250F4 /* Release */ = {
			isa = XCBuildConfiguration;
			buildSettings = {
				ALWAYS_SEARCH_USER_PATHS = NO;
				CLANG_ANALYZER_NONNULL = YES;
				CLANG_ANALYZER_NUMBER_OBJECT_CONVERSION = YES_AGGRESSIVE;
				CLANG_CXX_LANGUAGE_STANDARD = "gnu++17";
				CLANG_CXX_LIBRARY = "libc++";
				CLANG_ENABLE_MODULES = YES;
				CLANG_ENABLE_OBJC_ARC = YES;
				CLANG_ENABLE_OBJC_WEAK = YES;
				CLANG_WARN_BLOCK_CAPTURE_AUTORELEASING = YES;
				CLANG_WARN_BOOL_CONVERSION = YES;
				CLANG_WARN_COMMA = YES;
				CLANG_WARN_CONSTANT_CONVERSION = YES;
				CLANG_WARN_DEPRECATED_OBJC_IMPLEMENTATIONS = YES;
				CLANG_WARN_DIRECT_OBJC_ISA_USAGE = YES_ERROR;
				CLANG_WARN_DOCUMENTATION_COMMENTS = YES;
				CLANG_WARN_EMPTY_BODY = YES;
				CLANG_WARN_ENUM_CONVERSION = YES;
				CLANG_WARN_INFINITE_RECURSION = YES;
				CLANG_WARN_INT_CONVERSION = YES;
				CLANG_WARN_NON_LITERAL_NULL_CONVERSION = YES;
				CLANG_WARN_OBJC_IMPLICIT_RETAIN_SELF = YES;
				CLANG_WARN_OBJC_LITERAL_CONVERSION = YES;
				CLANG_WARN_OBJC_ROOT_CLASS = YES_ERROR;
				CLANG_WARN_QUOTED_INCLUDE_IN_FRAMEWORK_HEADER = YES;
				CLANG_WARN_RANGE_LOOP_ANALYSIS = YES;
				CLANG_WARN_STRICT_PROTOTYPES = YES;
				CLANG_WARN_SUSPICIOUS_MOVE = YES;
				CLANG_WARN_UNGUARDED_AVAILABILITY = YES_AGGRESSIVE;
				CLANG_WARN_UNREACHABLE_CODE = YES;
				CLANG_WARN__DUPLICATE_METHOD_MATCH = YES;
				COPY_PHASE_STRIP = NO;
				DEBUG_INFORMATION_FORMAT = "dwarf-with-dsym";
				ENABLE_NS_ASSERTIONS = NO;
				ENABLE_STRICT_OBJC_MSGSEND = YES;
				GCC_C_LANGUAGE_STANDARD = gnu11;
				GCC_NO_COMMON_BLOCKS = YES;
				GCC_WARN_64_TO_32_BIT_CONVERSION = YES;
				GCC_WARN_ABOUT_RETURN_TYPE = YES_ERROR;
				GCC_WARN_UNDECLARED_SELECTOR = YES;
				GCC_WARN_UNINITIALIZED_AUTOS = YES_AGGRESSIVE;
				GCC_WARN_UNUSED_FUNCTION = YES;
				GCC_WARN_UNUSED_VARIABLE = YES;
				IPHONEOS_DEPLOYMENT_TARGET = 15.2;
				MTL_ENABLE_DEBUG_INFO = NO;
				MTL_FAST_MATH = YES;
				SDKROOT = iphoneos;
				SWIFT_COMPILATION_MODE = wholemodule;
				SWIFT_OPTIMIZATION_LEVEL = "-O";
				VALIDATE_PRODUCT = YES;
			};
			name = Release;
		};
		17BB49902774336A005250F4 /* Debug */ = {
			isa = XCBuildConfiguration;
			buildSettings = {
				ASSETCATALOG_COMPILER_APPICON_NAME = AppIcon;
				ASSETCATALOG_COMPILER_GLOBAL_ACCENT_COLOR_NAME = AccentColor;
				ASSETCATALOG_COMPILER_INCLUDE_ALL_APPICON_ASSETS = NO;
				CODE_SIGN_STYLE = Automatic;
				CURRENT_PROJECT_VERSION = 1;
				DEVELOPMENT_ASSET_PATHS = "\"PIGGY!/Preview Content\"";
				DEVELOPMENT_TEAM = 5CPFC89L6R;
				ENABLE_PREVIEWS = YES;
				GENERATE_INFOPLIST_FILE = YES;
				INFOPLIST_KEY_UIApplicationSceneManifest_Generation = YES;
				INFOPLIST_KEY_UIApplicationSupportsIndirectInputEvents = YES;
				INFOPLIST_KEY_UILaunchScreen_Generation = YES;
				INFOPLIST_KEY_UISupportedInterfaceOrientations_iPad = "UIInterfaceOrientationPortrait UIInterfaceOrientationPortraitUpsideDown UIInterfaceOrientationLandscapeLeft UIInterfaceOrientationLandscapeRight";
				INFOPLIST_KEY_UISupportedInterfaceOrientations_iPhone = "UIInterfaceOrientationPortrait UIInterfaceOrientationLandscapeLeft UIInterfaceOrientationLandscapeRight";
				IPHONEOS_DEPLOYMENT_TARGET = 15.2;
				LD_RUNPATH_SEARCH_PATHS = (
					"$(inherited)",
					"@executable_path/Frameworks",
				);
				MARKETING_VERSION = 1.0;
				PRODUCT_BUNDLE_IDENTIFIER = "JessShen.PIGGY-";
				PRODUCT_NAME = "$(TARGET_NAME)";
				SWIFT_EMIT_LOC_STRINGS = YES;
				SWIFT_VERSION = 5.0;
				TARGETED_DEVICE_FAMILY = "1,2";
			};
			name = Debug;
		};
		17BB49912774336A005250F4 /* Release */ = {
			isa = XCBuildConfiguration;
			buildSettings = {
				ASSETCATALOG_COMPILER_APPICON_NAME = AppIcon;
				ASSETCATALOG_COMPILER_GLOBAL_ACCENT_COLOR_NAME = AccentColor;
				ASSETCATALOG_COMPILER_INCLUDE_ALL_APPICON_ASSETS = NO;
				CODE_SIGN_STYLE = Automatic;
				CURRENT_PROJECT_VERSION = 1;
				DEVELOPMENT_ASSET_PATHS = "\"PIGGY!/Preview Content\"";
				DEVELOPMENT_TEAM = 5CPFC89L6R;
				ENABLE_PREVIEWS = YES;
				GENERATE_INFOPLIST_FILE = YES;
				INFOPLIST_KEY_UIApplicationSceneManifest_Generation = YES;
				INFOPLIST_KEY_UIApplicationSupportsIndirectInputEvents = YES;
				INFOPLIST_KEY_UILaunchScreen_Generation = YES;
				INFOPLIST_KEY_UISupportedInterfaceOrientations_iPad = "UIInterfaceOrientationPortrait UIInterfaceOrientationPortraitUpsideDown UIInterfaceOrientationLandscapeLeft UIInterfaceOrientationLandscapeRight";
				INFOPLIST_KEY_UISupportedInterfaceOrientations_iPhone = "UIInterfaceOrientationPortrait UIInterfaceOrientationLandscapeLeft UIInterfaceOrientationLandscapeRight";
				IPHONEOS_DEPLOYMENT_TARGET = 15.2;
				LD_RUNPATH_SEARCH_PATHS = (
					"$(inherited)",
					"@executable_path/Frameworks",
				);
				MARKETING_VERSION = 1.0;
				PRODUCT_BUNDLE_IDENTIFIER = "JessShen.PIGGY-";
				PRODUCT_NAME = "$(TARGET_NAME)";
				SWIFT_EMIT_LOC_STRINGS = YES;
				SWIFT_VERSION = 5.0;
				TARGETED_DEVICE_FAMILY = "1,2";
			};
			name = Release;
		};
		17BB49932774336A005250F4 /* Debug */ = {
			isa = XCBuildConfiguration;
			buildSettings = {
				ALWAYS_EMBED_SWIFT_STANDARD_LIBRARIES = YES;
				BUNDLE_LOADER = "$(TEST_HOST)";
				CODE_SIGN_STYLE = Automatic;
				CURRENT_PROJECT_VERSION = 1;
				DEVELOPMENT_TEAM = 5CPFC89L6R;
				GENERATE_INFOPLIST_FILE = YES;
				IPHONEOS_DEPLOYMENT_TARGET = 15.2;
				MARKETING_VERSION = 1.0;
				PRODUCT_BUNDLE_IDENTIFIER = "JessShen.PIGGY-Tests";
				PRODUCT_NAME = "$(TARGET_NAME)";
				SWIFT_EMIT_LOC_STRINGS = NO;
				SWIFT_VERSION = 5.0;
				TARGETED_DEVICE_FAMILY = "1,2";
				TEST_HOST = "$(BUILT_PRODUCTS_DIR)/PIGGY!.app/PIGGY!";
			};
			name = Debug;
		};
		17BB49942774336A005250F4 /* Release */ = {
			isa = XCBuildConfiguration;
			buildSettings = {
				ALWAYS_EMBED_SWIFT_STANDARD_LIBRARIES = YES;
				BUNDLE_LOADER = "$(TEST_HOST)";
				CODE_SIGN_STYLE = Automatic;
				CURRENT_PROJECT_VERSION = 1;
				DEVELOPMENT_TEAM = 5CPFC89L6R;
				GENERATE_INFOPLIST_FILE = YES;
				IPHONEOS_DEPLOYMENT_TARGET = 15.2;
				MARKETING_VERSION = 1.0;
				PRODUCT_BUNDLE_IDENTIFIER = "JessShen.PIGGY-Tests";
				PRODUCT_NAME = "$(TARGET_NAME)";
				SWIFT_EMIT_LOC_STRINGS = NO;
				SWIFT_VERSION = 5.0;
				TARGETED_DEVICE_FAMILY = "1,2";
				TEST_HOST = "$(BUILT_PRODUCTS_DIR)/PIGGY!.app/PIGGY!";
			};
			name = Release;
		};
		17BB49962774336A005250F4 /* Debug */ = {
			isa = XCBuildConfiguration;
			buildSettings = {
				ALWAYS_EMBED_SWIFT_STANDARD_LIBRARIES = YES;
				CODE_SIGN_STYLE = Automatic;
				CURRENT_PROJECT_VERSION = 1;
				DEVELOPMENT_TEAM = 5CPFC89L6R;
				GENERATE_INFOPLIST_FILE = YES;
				MARKETING_VERSION = 1.0;
				PRODUCT_BUNDLE_IDENTIFIER = "JessShen.PIGGY-UITests";
				PRODUCT_NAME = "$(TARGET_NAME)";
				SWIFT_EMIT_LOC_STRINGS = NO;
				SWIFT_VERSION = 5.0;
				TARGETED_DEVICE_FAMILY = "1,2";
				TEST_TARGET_NAME = "PIGGY!";
				TVOS_DEPLOYMENT_TARGET = 14.0;
			};
			name = Debug;
		};
		17BB49972774336A005250F4 /* Release */ = {
			isa = XCBuildConfiguration;
			buildSettings = {
				ALWAYS_EMBED_SWIFT_STANDARD_LIBRARIES = YES;
				CODE_SIGN_STYLE = Automatic;
				CURRENT_PROJECT_VERSION = 1;
				DEVELOPMENT_TEAM = 5CPFC89L6R;
				GENERATE_INFOPLIST_FILE = YES;
				MARKETING_VERSION = 1.0;
				PRODUCT_BUNDLE_IDENTIFIER = "JessShen.PIGGY-UITests";
				PRODUCT_NAME = "$(TARGET_NAME)";
				SWIFT_EMIT_LOC_STRINGS = NO;
				SWIFT_VERSION = 5.0;
				TARGETED_DEVICE_FAMILY = "1,2";
				TEST_TARGET_NAME = "PIGGY!";
				TVOS_DEPLOYMENT_TARGET = 14.0;
			};
			name = Release;
		};
/* End XCBuildConfiguration section */

/* Begin XCConfigurationList section */
		17BB496627743368005250F4 /* Build configuration list for PBXProject "PIGGY!" */ = {
			isa = XCConfigurationList;
			buildConfigurations = (
				17BB498D2774336A005250F4 /* Debug */,
				17BB498E2774336A005250F4 /* Release */,
			);
			defaultConfigurationIsVisible = 0;
			defaultConfigurationName = Release;
		};
		17BB498F2774336A005250F4 /* Build configuration list for PBXNativeTarget "PIGGY!" */ = {
			isa = XCConfigurationList;
			buildConfigurations = (
				17BB49902774336A005250F4 /* Debug */,
				17BB49912774336A005250F4 /* Release */,
			);
			defaultConfigurationIsVisible = 0;
			defaultConfigurationName = Release;
		};
		17BB49922774336A005250F4 /* Build configuration list for PBXNativeTarget "PIGGY!Tests" */ = {
			isa = XCConfigurationList;
			buildConfigurations = (
				17BB49932774336A005250F4 /* Debug */,
				17BB49942774336A005250F4 /* Release */,
			);
			defaultConfigurationIsVisible = 0;
			defaultConfigurationName = Release;
		};
		17BB49952774336A005250F4 /* Build configuration list for PBXNativeTarget "PIGGY!UITests" */ = {
			isa = XCConfigurationList;
			buildConfigurations = (
				17BB49962774336A005250F4 /* Debug */,
				17BB49972774336A005250F4 /* Release */,
			);
			defaultConfigurationIsVisible = 0;
			defaultConfigurationName = Release;
		};
/* End XCConfigurationList section */
	};
	rootObject = 17BB496327743368005250F4 /* Project object */;
}
